
Microsoft Visual Studio Solution File, Format Version 12.00
# Visual Studio Version 17
VisualStudioVersion = 17.0.31903.59
MinimumVisualStudioVersion = 10.0.40219.1
Project("{F2A71F9B-5D33-465A-A702-920D77279786}") = "Lib", "Lib\Lib.fsproj", "{47CA063E-EE65-45B7-8340-B10B13851402}"
EndProject
Global
	GlobalSection(SolutionConfigurationPlatforms) = preSolution
		Debug|Any CPU = Debug|Any CPU
		Release|Any CPU = Release|Any CPU
	EndGlobalSection
	GlobalSection(SolutionProperties) = preSolution
		HideSolutionNode = FALSE
	EndGlobalSection
	GlobalSection(ProjectConfigurationPlatforms) = postSolution
		{47CA063E-EE65-45B7-8340-B10B13851402}.Debug|Any CPU.ActiveCfg = Debug|Any CPU
		{47CA063E-EE65-45B7-8340-B10B13851402}.Debug|Any CPU.Build.0 = Debug|Any CPU
		{47CA063E-EE65-45B7-8340-B10B13851402}.Release|Any CPU.ActiveCfg = Release|Any CPU
		{47CA063E-EE65-45B7-8340-B10B13851402}.Release|Any CPU.Build.0 = Release|Any CPU
	EndGlobalSection
EndGlobal
